
Microsoft Visual Studio Solution File, Format Version 12.00
# Visual Studio Version 16
VisualStudioVersion = 16.0.33529.622
MinimumVisualStudioVersion = 10.0.40219.1
Project("{FAE04EC0-301F-11D3-BF4B-00C04F79EFBC}") = "TD.FacebookMarketing", "TD.FacebookMarketing\TD.FacebookMarketing.csproj", "{9EE5BAC2-3750-43CF-879C-6DCE9A222963}"
EndProject
Global
	GlobalSection(SolutionConfigurationPlatforms) = preSolution
		Debug|Any CPU = Debug|Any CPU
		Release|Any CPU = Release|Any CPU
	EndGlobalSection
	GlobalSection(ProjectConfigurationPlatforms) = postSolution
		{9EE5BAC2-3750-43CF-879C-6DCE9A222963}.Debug|Any CPU.ActiveCfg = Debug|Any CPU
		{9EE5BAC2-3750-43CF-879C-6DCE9A222963}.Debug|Any CPU.Build.0 = Debug|Any CPU
		{9EE5BAC2-3750-43CF-879C-6DCE9A222963}.Release|Any CPU.ActiveCfg = Release|Any CPU
		{9EE5BAC2-3750-43CF-879C-6DCE9A222963}.Release|Any CPU.Build.0 = Release|Any CPU
	EndGlobalSection
	GlobalSection(SolutionProperties) = preSolution
		HideSolutionNode = FALSE
	EndGlobalSection
	GlobalSection(ExtensibilityGlobals) = postSolution
		SolutionGuid = {E55B05BA-476E-46AA-A20E-319626C3D5FE}
	EndGlobalSection
EndGlobal
